// !$*UTF8*$!
{
	archiveVersion = 1;
	classes = {
	};
	objectVersion = 55;
	objects = {

/* Begin PBXBuildFile section */
		8316F8E227984BF300882DCE /* ToDoViewController.swift in Sources */ = {isa = PBXBuildFile; fileRef = 8316F8E127984BF300882DCE /* ToDoViewController.swift */; };
		837BB9DE27ACB823000DDAB8 /* DateFormatter++Extension.swift in Sources */ = {isa = PBXBuildFile; fileRef = 837BB9DD27ACB823000DDAB8 /* DateFormatter++Extension.swift */; };
		837BB9E027ACB854000DDAB8 /* ToDo.swift in Sources */ = {isa = PBXBuildFile; fileRef = 837BB9DF27ACB854000DDAB8 /* ToDo.swift */; };
		837BB9E227ACB929000DDAB8 /* UIAlertController++Extension.swift in Sources */ = {isa = PBXBuildFile; fileRef = 837BB9E127ACB929000DDAB8 /* UIAlertController++Extension.swift */; };
		837BB9E427ACC0F4000DDAB8 /* EditToDoViewController.swift in Sources */ = {isa = PBXBuildFile; fileRef = 837BB9E327ACC0F4000DDAB8 /* EditToDoViewController.swift */; };
		837BB9E627AD8617000DDAB8 /* DiaryViewController.swift in Sources */ = {isa = PBXBuildFile; fileRef = 837BB9E527AD8617000DDAB8 /* DiaryViewController.swift */; };
		837BB9E827AD8D75000DDAB8 /* DiaryTableViewCell.swift in Sources */ = {isa = PBXBuildFile; fileRef = 837BB9E727AD8D75000DDAB8 /* DiaryTableViewCell.swift */; };
		837BB9EA27AD8FF8000DDAB8 /* Diary.swift in Sources */ = {isa = PBXBuildFile; fileRef = 837BB9E927AD8FF8000DDAB8 /* Diary.swift */; };
		837BB9EE27AD9232000DDAB8 /* EditDiaryViewController.swift in Sources */ = {isa = PBXBuildFile; fileRef = 837BB9ED27AD9232000DDAB8 /* EditDiaryViewController.swift */; };
		837BB9F027AE0C02000DDAB8 /* AddDiaryViewController.swift in Sources */ = {isa = PBXBuildFile; fileRef = 837BB9EF27AE0C02000DDAB8 /* AddDiaryViewController.swift */; };
		839A23F2278E54AC00BF040D /* AppDelegate.swift in Sources */ = {isa = PBXBuildFile; fileRef = 839A23F1278E54AC00BF040D /* AppDelegate.swift */; };
		839A23F4278E54AC00BF040D /* SceneDelegate.swift in Sources */ = {isa = PBXBuildFile; fileRef = 839A23F3278E54AC00BF040D /* SceneDelegate.swift */; };
		839A23F9278E54AC00BF040D /* Main.storyboard in Resources */ = {isa = PBXBuildFile; fileRef = 839A23F7278E54AC00BF040D /* Main.storyboard */; };
		839A23FB278E54AF00BF040D /* Assets.xcassets in Resources */ = {isa = PBXBuildFile; fileRef = 839A23FA278E54AF00BF040D /* Assets.xcassets */; };
		839A23FE278E54AF00BF040D /* LaunchScreen.storyboard in Resources */ = {isa = PBXBuildFile; fileRef = 839A23FC278E54AF00BF040D /* LaunchScreen.storyboard */; };
		83BA855427A047AA00853783 /* AddToDoViewController.swift in Sources */ = {isa = PBXBuildFile; fileRef = 83BA855327A047AA00853783 /* AddToDoViewController.swift */; };
		83D2A92827A0C1B700EA6E87 /* ToDoTableViewCell.swift in Sources */ = {isa = PBXBuildFile; fileRef = 83D2A92727A0C1B700EA6E87 /* ToDoTableViewCell.swift */; };
/* End PBXBuildFile section */

/* Begin PBXFileReference section */
		8316F8E127984BF300882DCE /* ToDoViewController.swift */ = {isa = PBXFileReference; lastKnownFileType = sourcecode.swift; path = ToDoViewController.swift; sourceTree = "<group>"; };
		837BB9DD27ACB823000DDAB8 /* DateFormatter++Extension.swift */ = {isa = PBXFileReference; lastKnownFileType = sourcecode.swift; path = "DateFormatter++Extension.swift"; sourceTree = "<group>"; };
		837BB9DF27ACB854000DDAB8 /* ToDo.swift */ = {isa = PBXFileReference; lastKnownFileType = sourcecode.swift; path = ToDo.swift; sourceTree = "<group>"; };
		837BB9E127ACB929000DDAB8 /* UIAlertController++Extension.swift */ = {isa = PBXFileReference; lastKnownFileType = sourcecode.swift; path = "UIAlertController++Extension.swift"; sourceTree = "<group>"; };
		837BB9E327ACC0F4000DDAB8 /* EditToDoViewController.swift */ = {isa = PBXFileReference; lastKnownFileType = sourcecode.swift; path = EditToDoViewController.swift; sourceTree = "<group>"; };
		837BB9E527AD8617000DDAB8 /* DiaryViewController.swift */ = {isa = PBXFileReference; lastKnownFileType = sourcecode.swift; path = DiaryViewController.swift; sourceTree = "<group>"; };
		837BB9E727AD8D75000DDAB8 /* DiaryTableViewCell.swift */ = {isa = PBXFileReference; lastKnownFileType = sourcecode.swift; path = DiaryTableViewCell.swift; sourceTree = "<group>"; };
		837BB9E927AD8FF8000DDAB8 /* Diary.swift */ = {isa = PBXFileReference; lastKnownFileType = sourcecode.swift; path = Diary.swift; sourceTree = "<group>"; };
		837BB9ED27AD9232000DDAB8 /* EditDiaryViewController.swift */ = {isa = PBXFileReference; lastKnownFileType = sourcecode.swift; path = EditDiaryViewController.swift; sourceTree = "<group>"; };
		837BB9EF27AE0C02000DDAB8 /* AddDiaryViewController.swift */ = {isa = PBXFileReference; lastKnownFileType = sourcecode.swift; path = AddDiaryViewController.swift; sourceTree = "<group>"; };
		839A23EE278E54AC00BF040D /* diary.app */ = {isa = PBXFileReference; explicitFileType = wrapper.application; includeInIndex = 0; path = diary.app; sourceTree = BUILT_PRODUCTS_DIR; };
		839A23F1278E54AC00BF040D /* AppDelegate.swift */ = {isa = PBXFileReference; lastKnownFileType = sourcecode.swift; path = AppDelegate.swift; sourceTree = "<group>"; };
		839A23F3278E54AC00BF040D /* SceneDelegate.swift */ = {isa = PBXFileReference; lastKnownFileType = sourcecode.swift; path = SceneDelegate.swift; sourceTree = "<group>"; };
		839A23F8278E54AC00BF040D /* Base */ = {isa = PBXFileReference; lastKnownFileType = file.storyboard; name = Base; path = Base.lproj/Main.storyboard; sourceTree = "<group>"; };
		839A23FA278E54AF00BF040D /* Assets.xcassets */ = {isa = PBXFileReference; lastKnownFileType = folder.assetcatalog; path = Assets.xcassets; sourceTree = "<group>"; };
		839A23FD278E54AF00BF040D /* Base */ = {isa = PBXFileReference; lastKnownFileType = file.storyboard; name = Base; path = Base.lproj/LaunchScreen.storyboard; sourceTree = "<group>"; };
		839A23FF278E54AF00BF040D /* Info.plist */ = {isa = PBXFileReference; lastKnownFileType = text.plist.xml; path = Info.plist; sourceTree = "<group>"; };
		83BA855327A047AA00853783 /* AddToDoViewController.swift */ = {isa = PBXFileReference; lastKnownFileType = sourcecode.swift; path = AddToDoViewController.swift; sourceTree = "<group>"; };
		83D2A92727A0C1B700EA6E87 /* ToDoTableViewCell.swift */ = {isa = PBXFileReference; lastKnownFileType = sourcecode.swift; path = ToDoTableViewCell.swift; sourceTree = "<group>"; };
/* End PBXFileReference section */

/* Begin PBXFrameworksBuildPhase section */
		839A23EB278E54AC00BF040D /* Frameworks */ = {
			isa = PBXFrameworksBuildPhase;
			buildActionMask = 2147483647;
			files = (
			);
			runOnlyForDeploymentPostprocessing = 0;
		};
/* End PBXFrameworksBuildPhase section */

/* Begin PBXGroup section */
		839A23E5278E54AC00BF040D = {
			isa = PBXGroup;
			children = (
				839A23F0278E54AC00BF040D /* diary */,
				839A23EF278E54AC00BF040D /* Products */,
			);
			sourceTree = "<group>";
		};
		839A23EF278E54AC00BF040D /* Products */ = {
			isa = PBXGroup;
			children = (
				839A23EE278E54AC00BF040D /* diary.app */,
			);
			name = Products;
			sourceTree = "<group>";
		};
		839A23F0278E54AC00BF040D /* diary */ = {
			isa = PBXGroup;
			children = (
				83DB92B127D4B52E00001562 /* Sources */,
				83DB92B027D4B51800001562 /* Resources */,
				839A23FF278E54AF00BF040D /* Info.plist */,
			);
			path = diary;
			sourceTree = "<group>";
		};
		83DB92AE27D4B4F700001562 /* Diary */ = {
			isa = PBXGroup;
			children = (
				837BB9E527AD8617000DDAB8 /* DiaryViewController.swift */,
				837BB9EF27AE0C02000DDAB8 /* AddDiaryViewController.swift */,
				837BB9ED27AD9232000DDAB8 /* EditDiaryViewController.swift */,
				837BB9E727AD8D75000DDAB8 /* DiaryTableViewCell.swift */,
			);
			path = Diary;
			sourceTree = "<group>";
		};
		83DB92AF27D4B50F00001562 /* ToDo */ = {
			isa = PBXGroup;
			children = (
				8316F8E127984BF300882DCE /* ToDoViewController.swift */,
				837BB9E327ACC0F4000DDAB8 /* EditToDoViewController.swift */,
				83BA855327A047AA00853783 /* AddToDoViewController.swift */,
				83D2A92727A0C1B700EA6E87 /* ToDoTableViewCell.swift */,
			);
			path = ToDo;
			sourceTree = "<group>";
		};
		83DB92B027D4B51800001562 /* Resources */ = {
			isa = PBXGroup;
			children = (
				839A23F7278E54AC00BF040D /* Main.storyboard */,
				839A23FA278E54AF00BF040D /* Assets.xcassets */,
				839A23FC278E54AF00BF040D /* LaunchScreen.storyboard */,
			);
			path = Resources;
			sourceTree = "<group>";
		};
		83DB92B127D4B52E00001562 /* Sources */ = {
			isa = PBXGroup;
			children = (
				839A23F1278E54AC00BF040D /* AppDelegate.swift */,
				839A23F3278E54AC00BF040D /* SceneDelegate.swift */,
				83DB92AE27D4B4F700001562 /* Diary */,
				83DB92AF27D4B50F00001562 /* ToDo */,
				83DB92B327D4B56400001562 /* Model */,
				83DB92B227D4B55600001562 /* Extension */,
			);
			path = Sources;
			sourceTree = "<group>";
		};
		83DB92B227D4B55600001562 /* Extension */ = {
			isa = PBXGroup;
			children = (
				837BB9DD27ACB823000DDAB8 /* DateFormatter++Extension.swift */,
				837BB9E127ACB929000DDAB8 /* UIAlertController++Extension.swift */,
			);
			path = Extension;
			sourceTree = "<group>";
		};
		83DB92B327D4B56400001562 /* Model */ = {
			isa = PBXGroup;
			children = (
				837BB9DF27ACB854000DDAB8 /* ToDo.swift */,
				837BB9E927AD8FF8000DDAB8 /* Diary.swift */,
			);
			path = Model;
			sourceTree = "<group>";
		};
/* End PBXGroup section */

/* Begin PBXNativeTarget section */
		839A23ED278E54AC00BF040D /* diary */ = {
			isa = PBXNativeTarget;
			buildConfigurationList = 839A2402278E54AF00BF040D /* Build configuration list for PBXNativeTarget "diary" */;
			buildPhases = (
				839A23EA278E54AC00BF040D /* Sources */,
				839A23EB278E54AC00BF040D /* Frameworks */,
				839A23EC278E54AC00BF040D /* Resources */,
			);
			buildRules = (
			);
			dependencies = (
			);
			name = diary;
			productName = diary;
			productReference = 839A23EE278E54AC00BF040D /* diary.app */;
			productType = "com.apple.product-type.application";
		};
/* End PBXNativeTarget section */

/* Begin PBXProject section */
		839A23E6278E54AC00BF040D /* Project object */ = {
			isa = PBXProject;
			attributes = {
				BuildIndependentTargetsInParallel = 1;
				LastSwiftUpdateCheck = 1320;
				LastUpgradeCheck = 1320;
				TargetAttributes = {
					839A23ED278E54AC00BF040D = {
						CreatedOnToolsVersion = 13.2.1;
					};
				};
			};
			buildConfigurationList = 839A23E9278E54AC00BF040D /* Build configuration list for PBXProject "diary" */;
			compatibilityVersion = "Xcode 13.0";
			developmentRegion = en;
			hasScannedForEncodings = 0;
			knownRegions = (
				en,
				Base,
			);
			mainGroup = 839A23E5278E54AC00BF040D;
			productRefGroup = 839A23EF278E54AC00BF040D /* Products */;
			projectDirPath = "";
			projectRoot = "";
			targets = (
				839A23ED278E54AC00BF040D /* diary */,
			);
		};
/* End PBXProject section */

/* Begin PBXResourcesBuildPhase section */
		839A23EC278E54AC00BF040D /* Resources */ = {
			isa = PBXResourcesBuildPhase;
			buildActionMask = 2147483647;
			files = (
				839A23FE278E54AF00BF040D /* LaunchScreen.storyboard in Resources */,
				839A23FB278E54AF00BF040D /* Assets.xcassets in Resources */,
				839A23F9278E54AC00BF040D /* Main.storyboard in Resources */,
			);
			runOnlyForDeploymentPostprocessing = 0;
		};
/* End PBXResourcesBuildPhase section */

/* Begin PBXSourcesBuildPhase section */
		839A23EA278E54AC00BF040D /* Sources */ = {
			isa = PBXSourcesBuildPhase;
			buildActionMask = 2147483647;
			files = (
				837BB9E427ACC0F4000DDAB8 /* EditToDoViewController.swift in Sources */,
				83D2A92827A0C1B700EA6E87 /* ToDoTableViewCell.swift in Sources */,
				837BB9EE27AD9232000DDAB8 /* EditDiaryViewController.swift in Sources */,
				8316F8E227984BF300882DCE /* ToDoViewController.swift in Sources */,
				837BB9EA27AD8FF8000DDAB8 /* Diary.swift in Sources */,
				837BB9E627AD8617000DDAB8 /* DiaryViewController.swift in Sources */,
				837BB9E027ACB854000DDAB8 /* ToDo.swift in Sources */,
				837BB9E227ACB929000DDAB8 /* UIAlertController++Extension.swift in Sources */,
				839A23F2278E54AC00BF040D /* AppDelegate.swift in Sources */,
				839A23F4278E54AC00BF040D /* SceneDelegate.swift in Sources */,
				83BA855427A047AA00853783 /* AddToDoViewController.swift in Sources */,
				837BB9DE27ACB823000DDAB8 /* DateFormatter++Extension.swift in Sources */,
				837BB9F027AE0C02000DDAB8 /* AddDiaryViewController.swift in Sources */,
				837BB9E827AD8D75000DDAB8 /* DiaryTableViewCell.swift in Sources */,
			);
			runOnlyForDeploymentPostprocessing = 0;
		};
/* End PBXSourcesBuildPhase section */

/* Begin PBXVariantGroup section */
		839A23F7278E54AC00BF040D /* Main.storyboard */ = {
			isa = PBXVariantGroup;
			children = (
				839A23F8278E54AC00BF040D /* Base */,
			);
			name = Main.storyboard;
			sourceTree = "<group>";
		};
		839A23FC278E54AF00BF040D /* LaunchScreen.storyboard */ = {
			isa = PBXVariantGroup;
			children = (
				839A23FD278E54AF00BF040D /* Base */,
			);
			name = LaunchScreen.storyboard;
			sourceTree = "<group>";
		};
/* End PBXVariantGroup section */

/* Begin XCBuildConfiguration section */
		839A2400278E54AF00BF040D /* Debug */ = {
			isa = XCBuildConfiguration;
			buildSettings = {
				ALWAYS_SEARCH_USER_PATHS = NO;
				CLANG_ANALYZER_NONNULL = YES;
				CLANG_ANALYZER_NUMBER_OBJECT_CONVERSION = YES_AGGRESSIVE;
				CLANG_CXX_LANGUAGE_STANDARD = "gnu++17";
				CLANG_CXX_LIBRARY = "libc++";
				CLANG_ENABLE_MODULES = YES;
				CLANG_ENABLE_OBJC_ARC = YES;
				CLANG_ENABLE_OBJC_WEAK = YES;
				CLANG_WARN_BLOCK_CAPTURE_AUTORELEASING = YES;
				CLANG_WARN_BOOL_CONVERSION = YES;
				CLANG_WARN_COMMA = YES;
				CLANG_WARN_CONSTANT_CONVERSION = YES;
				CLANG_WARN_DEPRECATED_OBJC_IMPLEMENTATIONS = YES;
				CLANG_WARN_DIRECT_OBJC_ISA_USAGE = YES_ERROR;
				CLANG_WARN_DOCUMENTATION_COMMENTS = YES;
				CLANG_WARN_EMPTY_BODY = YES;
				CLANG_WARN_ENUM_CONVERSION = YES;
				CLANG_WARN_INFINITE_RECURSION = YES;
				CLANG_WARN_INT_CONVERSION = YES;
				CLANG_WARN_NON_LITERAL_NULL_CONVERSION = YES;
				CLANG_WARN_OBJC_IMPLICIT_RETAIN_SELF = YES;
				CLANG_WARN_OBJC_LITERAL_CONVERSION = YES;
				CLANG_WARN_OBJC_ROOT_CLASS = YES_ERROR;
				CLANG_WARN_QUOTED_INCLUDE_IN_FRAMEWORK_HEADER = YES;
				CLANG_WARN_RANGE_LOOP_ANALYSIS = YES;
				CLANG_WARN_STRICT_PROTOTYPES = YES;
				CLANG_WARN_SUSPICIOUS_MOVE = YES;
				CLANG_WARN_UNGUARDED_AVAILABILITY = YES_AGGRESSIVE;
				CLANG_WARN_UNREACHABLE_CODE = YES;
				CLANG_WARN__DUPLICATE_METHOD_MATCH = YES;
				COPY_PHASE_STRIP = NO;
				DEBUG_INFORMATION_FORMAT = dwarf;
				ENABLE_STRICT_OBJC_MSGSEND = YES;
				ENABLE_TESTABILITY = YES;
				GCC_C_LANGUAGE_STANDARD = gnu11;
				GCC_DYNAMIC_NO_PIC = NO;
				GCC_NO_COMMON_BLOCKS = YES;
				GCC_OPTIMIZATION_LEVEL = 0;
				GCC_PREPROCESSOR_DEFINITIONS = (
					"DEBUG=1",
					"$(inherited)",
				);
				GCC_WARN_64_TO_32_BIT_CONVERSION = YES;
				GCC_WARN_ABOUT_RETURN_TYPE = YES_ERROR;
				GCC_WARN_UNDECLARED_SELECTOR = YES;
				GCC_WARN_UNINITIALIZED_AUTOS = YES_AGGRESSIVE;
				GCC_WARN_UNUSED_FUNCTION = YES;
				GCC_WARN_UNUSED_VARIABLE = YES;
				IPHONEOS_DEPLOYMENT_TARGET = 15.2;
				MTL_ENABLE_DEBUG_INFO = INCLUDE_SOURCE;
				MTL_FAST_MATH = YES;
				ONLY_ACTIVE_ARCH = YES;
				SDKROOT = iphoneos;
				SWIFT_ACTIVE_COMPILATION_CONDITIONS = DEBUG;
				SWIFT_OPTIMIZATION_LEVEL = "-Onone";
			};
			name = Debug;
		};
		839A2401278E54AF00BF040D /* Release */ = {
			isa = XCBuildConfiguration;
			buildSettings = {
				ALWAYS_SEARCH_USER_PATHS = NO;
				CLANG_ANALYZER_NONNULL = YES;
				CLANG_ANALYZER_NUMBER_OBJECT_CONVERSION = YES_AGGRESSIVE;
				CLANG_CXX_LANGUAGE_STANDARD = "gnu++17";
				CLANG_CXX_LIBRARY = "libc++";
				CLANG_ENABLE_MODULES = YES;
				CLANG_ENABLE_OBJC_ARC = YES;
				CLANG_ENABLE_OBJC_WEAK = YES;
				CLANG_WARN_BLOCK_CAPTURE_AUTORELEASING = YES;
				CLANG_WARN_BOOL_CONVERSION = YES;
				CLANG_WARN_COMMA = YES;
				CLANG_WARN_CONSTANT_CONVERSION = YES;
				CLANG_WARN_DEPRECATED_OBJC_IMPLEMENTATIONS = YES;
				CLANG_WARN_DIRECT_OBJC_ISA_USAGE = YES_ERROR;
				CLANG_WARN_DOCUMENTATION_COMMENTS = YES;
				CLANG_WARN_EMPTY_BODY = YES;
				CLANG_WARN_ENUM_CONVERSION = YES;
				CLANG_WARN_INFINITE_RECURSION = YES;
				CLANG_WARN_INT_CONVERSION = YES;
				CLANG_WARN_NON_LITERAL_NULL_CONVERSION = YES;
				CLANG_WARN_OBJC_IMPLICIT_RETAIN_SELF = YES;
				CLANG_WARN_OBJC_LITERAL_CONVERSION = YES;
				CLANG_WARN_OBJC_ROOT_CLASS = YES_ERROR;
				CLANG_WARN_QUOTED_INCLUDE_IN_FRAMEWORK_HEADER = YES;
				CLANG_WARN_RANGE_LOOP_ANALYSIS = YES;
				CLANG_WARN_STRICT_PROTOTYPES = YES;
				CLANG_WARN_SUSPICIOUS_MOVE = YES;
				CLANG_WARN_UNGUARDED_AVAILABILITY = YES_AGGRESSIVE;
				CLANG_WARN_UNREACHABLE_CODE = YES;
				CLANG_WARN__DUPLICATE_METHOD_MATCH = YES;
				COPY_PHASE_STRIP = NO;
				DEBUG_INFORMATION_FORMAT = "dwarf-with-dsym";
				ENABLE_NS_ASSERTIONS = NO;
				ENABLE_STRICT_OBJC_MSGSEND = YES;
				GCC_C_LANGUAGE_STANDARD = gnu11;
				GCC_NO_COMMON_BLOCKS = YES;
				GCC_WARN_64_TO_32_BIT_CONVERSION = YES;
				GCC_WARN_ABOUT_RETURN_TYPE = YES_ERROR;
				GCC_WARN_UNDECLARED_SELECTOR = YES;
				GCC_WARN_UNINITIALIZED_AUTOS = YES_AGGRESSIVE;
				GCC_WARN_UNUSED_FUNCTION = YES;
				GCC_WARN_UNUSED_VARIABLE = YES;
				IPHONEOS_DEPLOYMENT_TARGET = 15.2;
				MTL_ENABLE_DEBUG_INFO = NO;
				MTL_FAST_MATH = YES;
				SDKROOT = iphoneos;
				SWIFT_COMPILATION_MODE = wholemodule;
				SWIFT_OPTIMIZATION_LEVEL = "-O";
				VALIDATE_PRODUCT = YES;
			};
			name = Release;
		};
		839A2403278E54AF00BF040D /* Debug */ = {
			isa = XCBuildConfiguration;
			buildSettings = {
				ASSETCATALOG_COMPILER_APPICON_NAME = AppIcon;
				ASSETCATALOG_COMPILER_GLOBAL_ACCENT_COLOR_NAME = AccentColor;
				CODE_SIGN_STYLE = Automatic;
				CURRENT_PROJECT_VERSION = 1;
				DEVELOPMENT_TEAM = D289277BWD;
				GENERATE_INFOPLIST_FILE = YES;
				INFOPLIST_FILE = diary/Info.plist;
				INFOPLIST_KEY_UIApplicationSupportsIndirectInputEvents = YES;
				INFOPLIST_KEY_UILaunchStoryboardName = LaunchScreen;
				INFOPLIST_KEY_UIMainStoryboardFile = Main;
				INFOPLIST_KEY_UISupportedInterfaceOrientations_iPad = "UIInterfaceOrientationPortrait UIInterfaceOrientationPortraitUpsideDown UIInterfaceOrientationLandscapeLeft UIInterfaceOrientationLandscapeRight";
				INFOPLIST_KEY_UISupportedInterfaceOrientations_iPhone = "UIInterfaceOrientationPortrait UIInterfaceOrientationLandscapeLeft UIInterfaceOrientationLandscapeRight";
				LD_RUNPATH_SEARCH_PATHS = (
					"$(inherited)",
					"@executable_path/Frameworks",
				);
				MARKETING_VERSION = 1.0;
				PRODUCT_BUNDLE_IDENTIFIER = jcw.diary;
				PRODUCT_NAME = "$(TARGET_NAME)";
				SWIFT_EMIT_LOC_STRINGS = YES;
				SWIFT_VERSION = 5.0;
				TARGETED_DEVICE_FAMILY = "1,2";
			};
			name = Debug;
		};
		839A2404278E54AF00BF040D /* Release */ = {
			isa = XCBuildConfiguration;
			buildSettings = {
				ASSETCATALOG_COMPILER_APPICON_NAME = AppIcon;
				ASSETCATALOG_COMPILER_GLOBAL_ACCENT_COLOR_NAME = AccentColor;
				CODE_SIGN_STYLE = Automatic;
				CURRENT_PROJECT_VERSION = 1;
				DEVELOPMENT_TEAM = D289277BWD;
				GENERATE_INFOPLIST_FILE = YES;
				INFOPLIST_FILE = diary/Info.plist;
				INFOPLIST_KEY_UIApplicationSupportsIndirectInputEvents = YES;
				INFOPLIST_KEY_UILaunchStoryboardName = LaunchScreen;
				INFOPLIST_KEY_UIMainStoryboardFile = Main;
				INFOPLIST_KEY_UISupportedInterfaceOrientations_iPad = "UIInterfaceOrientationPortrait UIInterfaceOrientationPortraitUpsideDown UIInterfaceOrientationLandscapeLeft UIInterfaceOrientationLandscapeRight";
				INFOPLIST_KEY_UISupportedInterfaceOrientations_iPhone = "UIInterfaceOrientationPortrait UIInterfaceOrientationLandscapeLeft UIInterfaceOrientationLandscapeRight";
				LD_RUNPATH_SEARCH_PATHS = (
					"$(inherited)",
					"@executable_path/Frameworks",
				);
				MARKETING_VERSION = 1.0;
				PRODUCT_BUNDLE_IDENTIFIER = jcw.diary;
				PRODUCT_NAME = "$(TARGET_NAME)";
				SWIFT_EMIT_LOC_STRINGS = YES;
				SWIFT_VERSION = 5.0;
				TARGETED_DEVICE_FAMILY = "1,2";
			};
			name = Release;
		};
/* End XCBuildConfiguration section */

/* Begin XCConfigurationList section */
		839A23E9278E54AC00BF040D /* Build configuration list for PBXProject "diary" */ = {
			isa = XCConfigurationList;
			buildConfigurations = (
				839A2400278E54AF00BF040D /* Debug */,
				839A2401278E54AF00BF040D /* Release */,
			);
			defaultConfigurationIsVisible = 0;
			defaultConfigurationName = Release;
		};
		839A2402278E54AF00BF040D /* Build configuration list for PBXNativeTarget "diary" */ = {
			isa = XCConfigurationList;
			buildConfigurations = (
				839A2403278E54AF00BF040D /* Debug */,
				839A2404278E54AF00BF040D /* Release */,
			);
			defaultConfigurationIsVisible = 0;
			defaultConfigurationName = Release;
		};
/* End XCConfigurationList section */
	};
	rootObject = 839A23E6278E54AC00BF040D /* Project object */;
}
