// !$*UTF8*$!
{
	archiveVersion = 1;
	classes = {
	};
	objectVersion = 55;
	objects = {

/* Begin PBXBuildFile section */
		8304F4EB2854C3F2004DF9A9 /* AppDelegate.swift in Sources */ = {isa = PBXBuildFile; fileRef = 8304F4EA2854C3F2004DF9A9 /* AppDelegate.swift */; };
		8304F4ED2854C3F2004DF9A9 /* SceneDelegate.swift in Sources */ = {isa = PBXBuildFile; fileRef = 8304F4EC2854C3F2004DF9A9 /* SceneDelegate.swift */; };
		8304F4EF2854C3F2004DF9A9 /* ViewController.swift in Sources */ = {isa = PBXBuildFile; fileRef = 8304F4EE2854C3F2004DF9A9 /* ViewController.swift */; };
		8304F4F22854C3F2004DF9A9 /* Main.storyboard in Resources */ = {isa = PBXBuildFile; fileRef = 8304F4F02854C3F2004DF9A9 /* Main.storyboard */; };
		8304F4F42854C3F4004DF9A9 /* Assets.xcassets in Resources */ = {isa = PBXBuildFile; fileRef = 8304F4F32854C3F4004DF9A9 /* Assets.xcassets */; };
		8304F4F72854C3F4004DF9A9 /* LaunchScreen.storyboard in Resources */ = {isa = PBXBuildFile; fileRef = 8304F4F52854C3F4004DF9A9 /* LaunchScreen.storyboard */; };
		8304F4FF2854C68A004DF9A9 /* BookTableViewCell.swift in Sources */ = {isa = PBXBuildFile; fileRef = 8304F4FE2854C68A004DF9A9 /* BookTableViewCell.swift */; };
		8304F5012854C932004DF9A9 /* APIService.swift in Sources */ = {isa = PBXBuildFile; fileRef = 8304F5002854C932004DF9A9 /* APIService.swift */; };
		8304F5032854CA46004DF9A9 /* Book.swift in Sources */ = {isa = PBXBuildFile; fileRef = 8304F5022854CA46004DF9A9 /* Book.swift */; };
		839B21D0285659E500331A92 /* DetailBookViewController.swift in Sources */ = {isa = PBXBuildFile; fileRef = 839B21CF285659E500331A92 /* DetailBookViewController.swift */; };
/* End PBXBuildFile section */

/* Begin PBXFileReference section */
		8304F4E72854C3F2004DF9A9 /* KakaoSearchApi.app */ = {isa = PBXFileReference; explicitFileType = wrapper.application; includeInIndex = 0; path = KakaoSearchApi.app; sourceTree = BUILT_PRODUCTS_DIR; };
		8304F4EA2854C3F2004DF9A9 /* AppDelegate.swift */ = {isa = PBXFileReference; lastKnownFileType = sourcecode.swift; path = AppDelegate.swift; sourceTree = "<group>"; };
		8304F4EC2854C3F2004DF9A9 /* SceneDelegate.swift */ = {isa = PBXFileReference; lastKnownFileType = sourcecode.swift; path = SceneDelegate.swift; sourceTree = "<group>"; };
		8304F4EE2854C3F2004DF9A9 /* ViewController.swift */ = {isa = PBXFileReference; lastKnownFileType = sourcecode.swift; path = ViewController.swift; sourceTree = "<group>"; };
		8304F4F12854C3F2004DF9A9 /* Base */ = {isa = PBXFileReference; lastKnownFileType = file.storyboard; name = Base; path = Base.lproj/Main.storyboard; sourceTree = "<group>"; };
		8304F4F32854C3F4004DF9A9 /* Assets.xcassets */ = {isa = PBXFileReference; lastKnownFileType = folder.assetcatalog; path = Assets.xcassets; sourceTree = "<group>"; };
		8304F4F62854C3F4004DF9A9 /* Base */ = {isa = PBXFileReference; lastKnownFileType = file.storyboard; name = Base; path = Base.lproj/LaunchScreen.storyboard; sourceTree = "<group>"; };
		8304F4F82854C3F4004DF9A9 /* Info.plist */ = {isa = PBXFileReference; lastKnownFileType = text.plist.xml; path = Info.plist; sourceTree = "<group>"; };
		8304F4FE2854C68A004DF9A9 /* BookTableViewCell.swift */ = {isa = PBXFileReference; lastKnownFileType = sourcecode.swift; path = BookTableViewCell.swift; sourceTree = "<group>"; };
		8304F5002854C932004DF9A9 /* APIService.swift */ = {isa = PBXFileReference; lastKnownFileType = sourcecode.swift; path = APIService.swift; sourceTree = "<group>"; };
		8304F5022854CA46004DF9A9 /* Book.swift */ = {isa = PBXFileReference; lastKnownFileType = sourcecode.swift; path = Book.swift; sourceTree = "<group>"; };
		839B21CF285659E500331A92 /* DetailBookViewController.swift */ = {isa = PBXFileReference; lastKnownFileType = sourcecode.swift; path = DetailBookViewController.swift; sourceTree = "<group>"; };
/* End PBXFileReference section */

/* Begin PBXFrameworksBuildPhase section */
		8304F4E42854C3F2004DF9A9 /* Frameworks */ = {
			isa = PBXFrameworksBuildPhase;
			buildActionMask = 2147483647;
			files = (
			);
			runOnlyForDeploymentPostprocessing = 0;
		};
/* End PBXFrameworksBuildPhase section */

/* Begin PBXGroup section */
		8304F4DE2854C3F2004DF9A9 = {
			isa = PBXGroup;
			children = (
				8304F4E92854C3F2004DF9A9 /* KakaoSearchApi */,
				8304F4E82854C3F2004DF9A9 /* Products */,
			);
			sourceTree = "<group>";
		};
		8304F4E82854C3F2004DF9A9 /* Products */ = {
			isa = PBXGroup;
			children = (
				8304F4E72854C3F2004DF9A9 /* KakaoSearchApi.app */,
			);
			name = Products;
			sourceTree = "<group>";
		};
		8304F4E92854C3F2004DF9A9 /* KakaoSearchApi */ = {
			isa = PBXGroup;
			children = (
				839B21D228565A0300331A92 /* Source */,
				839B21D1285659F200331A92 /* Resource */,
				8304F4F82854C3F4004DF9A9 /* Info.plist */,
			);
			path = KakaoSearchApi;
			sourceTree = "<group>";
		};
		839B21D1285659F200331A92 /* Resource */ = {
			isa = PBXGroup;
			children = (
				8304F4F02854C3F2004DF9A9 /* Main.storyboard */,
				8304F4F32854C3F4004DF9A9 /* Assets.xcassets */,
				8304F4F52854C3F4004DF9A9 /* LaunchScreen.storyboard */,
			);
			path = Resource;
			sourceTree = "<group>";
		};
		839B21D228565A0300331A92 /* Source */ = {
			isa = PBXGroup;
			children = (
				839B21D628565AC100331A92 /* VC */,
				839B21D528565ABC00331A92 /* Cell */,
				839B21D428565A4600331A92 /* Func */,
				839B21D328565A1100331A92 /* Model */,
				8304F4EA2854C3F2004DF9A9 /* AppDelegate.swift */,
				8304F4EC2854C3F2004DF9A9 /* SceneDelegate.swift */,
			);
			path = Source;
			sourceTree = "<group>";
		};
		839B21D328565A1100331A92 /* Model */ = {
			isa = PBXGroup;
			children = (
				8304F5022854CA46004DF9A9 /* Book.swift */,
			);
			path = Model;
			sourceTree = "<group>";
		};
		839B21D428565A4600331A92 /* Func */ = {
			isa = PBXGroup;
			children = (
				8304F5002854C932004DF9A9 /* APIService.swift */,
			);
			path = Func;
			sourceTree = "<group>";
		};
		839B21D528565ABC00331A92 /* Cell */ = {
			isa = PBXGroup;
			children = (
				8304F4FE2854C68A004DF9A9 /* BookTableViewCell.swift */,
			);
			path = Cell;
			sourceTree = "<group>";
		};
		839B21D628565AC100331A92 /* VC */ = {
			isa = PBXGroup;
			children = (
				8304F4EE2854C3F2004DF9A9 /* ViewController.swift */,
				839B21CF285659E500331A92 /* DetailBookViewController.swift */,
			);
			path = VC;
			sourceTree = "<group>";
		};
/* End PBXGroup section */

/* Begin PBXNativeTarget section */
		8304F4E62854C3F2004DF9A9 /* KakaoSearchApi */ = {
			isa = PBXNativeTarget;
			buildConfigurationList = 8304F4FB2854C3F4004DF9A9 /* Build configuration list for PBXNativeTarget "KakaoSearchApi" */;
			buildPhases = (
				8304F4E32854C3F2004DF9A9 /* Sources */,
				8304F4E42854C3F2004DF9A9 /* Frameworks */,
				8304F4E52854C3F2004DF9A9 /* Resources */,
			);
			buildRules = (
			);
			dependencies = (
			);
			name = KakaoSearchApi;
			productName = KakaoSearchApi;
			productReference = 8304F4E72854C3F2004DF9A9 /* KakaoSearchApi.app */;
			productType = "com.apple.product-type.application";
		};
/* End PBXNativeTarget section */

/* Begin PBXProject section */
		8304F4DF2854C3F2004DF9A9 /* Project object */ = {
			isa = PBXProject;
			attributes = {
				BuildIndependentTargetsInParallel = 1;
				LastSwiftUpdateCheck = 1340;
				LastUpgradeCheck = 1340;
				TargetAttributes = {
					8304F4E62854C3F2004DF9A9 = {
						CreatedOnToolsVersion = 13.4.1;
					};
				};
			};
			buildConfigurationList = 8304F4E22854C3F2004DF9A9 /* Build configuration list for PBXProject "KakaoSearchApi" */;
			compatibilityVersion = "Xcode 13.0";
			developmentRegion = en;
			hasScannedForEncodings = 0;
			knownRegions = (
				en,
				Base,
			);
			mainGroup = 8304F4DE2854C3F2004DF9A9;
			productRefGroup = 8304F4E82854C3F2004DF9A9 /* Products */;
			projectDirPath = "";
			projectRoot = "";
			targets = (
				8304F4E62854C3F2004DF9A9 /* KakaoSearchApi */,
			);
		};
/* End PBXProject section */

/* Begin PBXResourcesBuildPhase section */
		8304F4E52854C3F2004DF9A9 /* Resources */ = {
			isa = PBXResourcesBuildPhase;
			buildActionMask = 2147483647;
			files = (
				8304F4F72854C3F4004DF9A9 /* LaunchScreen.storyboard in Resources */,
				8304F4F42854C3F4004DF9A9 /* Assets.xcassets in Resources */,
				8304F4F22854C3F2004DF9A9 /* Main.storyboard in Resources */,
			);
			runOnlyForDeploymentPostprocessing = 0;
		};
/* End PBXResourcesBuildPhase section */

/* Begin PBXSourcesBuildPhase section */
		8304F4E32854C3F2004DF9A9 /* Sources */ = {
			isa = PBXSourcesBuildPhase;
			buildActionMask = 2147483647;
			files = (
				8304F4FF2854C68A004DF9A9 /* BookTableViewCell.swift in Sources */,
				8304F5012854C932004DF9A9 /* APIService.swift in Sources */,
				8304F5032854CA46004DF9A9 /* Book.swift in Sources */,
				8304F4EF2854C3F2004DF9A9 /* ViewController.swift in Sources */,
				8304F4EB2854C3F2004DF9A9 /* AppDelegate.swift in Sources */,
				839B21D0285659E500331A92 /* DetailBookViewController.swift in Sources */,
				8304F4ED2854C3F2004DF9A9 /* SceneDelegate.swift in Sources */,
			);
			runOnlyForDeploymentPostprocessing = 0;
		};
/* End PBXSourcesBuildPhase section */

/* Begin PBXVariantGroup section */
		8304F4F02854C3F2004DF9A9 /* Main.storyboard */ = {
			isa = PBXVariantGroup;
			children = (
				8304F4F12854C3F2004DF9A9 /* Base */,
			);
			name = Main.storyboard;
			sourceTree = "<group>";
		};
		8304F4F52854C3F4004DF9A9 /* LaunchScreen.storyboard */ = {
			isa = PBXVariantGroup;
			children = (
				8304F4F62854C3F4004DF9A9 /* Base */,
			);
			name = LaunchScreen.storyboard;
			sourceTree = "<group>";
		};
/* End PBXVariantGroup section */

/* Begin XCBuildConfiguration section */
		8304F4F92854C3F4004DF9A9 /* Debug */ = {
			isa = XCBuildConfiguration;
			buildSettings = {
				ALWAYS_SEARCH_USER_PATHS = NO;
				CLANG_ANALYZER_NONNULL = YES;
				CLANG_ANALYZER_NUMBER_OBJECT_CONVERSION = YES_AGGRESSIVE;
				CLANG_CXX_LANGUAGE_STANDARD = "gnu++17";
				CLANG_ENABLE_MODULES = YES;
				CLANG_ENABLE_OBJC_ARC = YES;
				CLANG_ENABLE_OBJC_WEAK = YES;
				CLANG_WARN_BLOCK_CAPTURE_AUTORELEASING = YES;
				CLANG_WARN_BOOL_CONVERSION = YES;
				CLANG_WARN_COMMA = YES;
				CLANG_WARN_CONSTANT_CONVERSION = YES;
				CLANG_WARN_DEPRECATED_OBJC_IMPLEMENTATIONS = YES;
				CLANG_WARN_DIRECT_OBJC_ISA_USAGE = YES_ERROR;
				CLANG_WARN_DOCUMENTATION_COMMENTS = YES;
				CLANG_WARN_EMPTY_BODY = YES;
				CLANG_WARN_ENUM_CONVERSION = YES;
				CLANG_WARN_INFINITE_RECURSION = YES;
				CLANG_WARN_INT_CONVERSION = YES;
				CLANG_WARN_NON_LITERAL_NULL_CONVERSION = YES;
				CLANG_WARN_OBJC_IMPLICIT_RETAIN_SELF = YES;
				CLANG_WARN_OBJC_LITERAL_CONVERSION = YES;
				CLANG_WARN_OBJC_ROOT_CLASS = YES_ERROR;
				CLANG_WARN_QUOTED_INCLUDE_IN_FRAMEWORK_HEADER = YES;
				CLANG_WARN_RANGE_LOOP_ANALYSIS = YES;
				CLANG_WARN_STRICT_PROTOTYPES = YES;
				CLANG_WARN_SUSPICIOUS_MOVE = YES;
				CLANG_WARN_UNGUARDED_AVAILABILITY = YES_AGGRESSIVE;
				CLANG_WARN_UNREACHABLE_CODE = YES;
				CLANG_WARN__DUPLICATE_METHOD_MATCH = YES;
				COPY_PHASE_STRIP = NO;
				DEBUG_INFORMATION_FORMAT = dwarf;
				ENABLE_STRICT_OBJC_MSGSEND = YES;
				ENABLE_TESTABILITY = YES;
				GCC_C_LANGUAGE_STANDARD = gnu11;
				GCC_DYNAMIC_NO_PIC = NO;
				GCC_NO_COMMON_BLOCKS = YES;
				GCC_OPTIMIZATION_LEVEL = 0;
				GCC_PREPROCESSOR_DEFINITIONS = (
					"DEBUG=1",
					"$(inherited)",
				);
				GCC_WARN_64_TO_32_BIT_CONVERSION = YES;
				GCC_WARN_ABOUT_RETURN_TYPE = YES_ERROR;
				GCC_WARN_UNDECLARED_SELECTOR = YES;
				GCC_WARN_UNINITIALIZED_AUTOS = YES_AGGRESSIVE;
				GCC_WARN_UNUSED_FUNCTION = YES;
				GCC_WARN_UNUSED_VARIABLE = YES;
				IPHONEOS_DEPLOYMENT_TARGET = 15.5;
				MTL_ENABLE_DEBUG_INFO = INCLUDE_SOURCE;
				MTL_FAST_MATH = YES;
				ONLY_ACTIVE_ARCH = YES;
				SDKROOT = iphoneos;
				SWIFT_ACTIVE_COMPILATION_CONDITIONS = DEBUG;
				SWIFT_OPTIMIZATION_LEVEL = "-Onone";
			};
			name = Debug;
		};
		8304F4FA2854C3F4004DF9A9 /* Release */ = {
			isa = XCBuildConfiguration;
			buildSettings = {
				ALWAYS_SEARCH_USER_PATHS = NO;
				CLANG_ANALYZER_NONNULL = YES;
				CLANG_ANALYZER_NUMBER_OBJECT_CONVERSION = YES_AGGRESSIVE;
				CLANG_CXX_LANGUAGE_STANDARD = "gnu++17";
				CLANG_ENABLE_MODULES = YES;
				CLANG_ENABLE_OBJC_ARC = YES;
				CLANG_ENABLE_OBJC_WEAK = YES;
				CLANG_WARN_BLOCK_CAPTURE_AUTORELEASING = YES;
				CLANG_WARN_BOOL_CONVERSION = YES;
				CLANG_WARN_COMMA = YES;
				CLANG_WARN_CONSTANT_CONVERSION = YES;
				CLANG_WARN_DEPRECATED_OBJC_IMPLEMENTATIONS = YES;
				CLANG_WARN_DIRECT_OBJC_ISA_USAGE = YES_ERROR;
				CLANG_WARN_DOCUMENTATION_COMMENTS = YES;
				CLANG_WARN_EMPTY_BODY = YES;
				CLANG_WARN_ENUM_CONVERSION = YES;
				CLANG_WARN_INFINITE_RECURSION = YES;
				CLANG_WARN_INT_CONVERSION = YES;
				CLANG_WARN_NON_LITERAL_NULL_CONVERSION = YES;
				CLANG_WARN_OBJC_IMPLICIT_RETAIN_SELF = YES;
				CLANG_WARN_OBJC_LITERAL_CONVERSION = YES;
				CLANG_WARN_OBJC_ROOT_CLASS = YES_ERROR;
				CLANG_WARN_QUOTED_INCLUDE_IN_FRAMEWORK_HEADER = YES;
				CLANG_WARN_RANGE_LOOP_ANALYSIS = YES;
				CLANG_WARN_STRICT_PROTOTYPES = YES;
				CLANG_WARN_SUSPICIOUS_MOVE = YES;
				CLANG_WARN_UNGUARDED_AVAILABILITY = YES_AGGRESSIVE;
				CLANG_WARN_UNREACHABLE_CODE = YES;
				CLANG_WARN__DUPLICATE_METHOD_MATCH = YES;
				COPY_PHASE_STRIP = NO;
				DEBUG_INFORMATION_FORMAT = "dwarf-with-dsym";
				ENABLE_NS_ASSERTIONS = NO;
				ENABLE_STRICT_OBJC_MSGSEND = YES;
				GCC_C_LANGUAGE_STANDARD = gnu11;
				GCC_NO_COMMON_BLOCKS = YES;
				GCC_WARN_64_TO_32_BIT_CONVERSION = YES;
				GCC_WARN_ABOUT_RETURN_TYPE = YES_ERROR;
				GCC_WARN_UNDECLARED_SELECTOR = YES;
				GCC_WARN_UNINITIALIZED_AUTOS = YES_AGGRESSIVE;
				GCC_WARN_UNUSED_FUNCTION = YES;
				GCC_WARN_UNUSED_VARIABLE = YES;
				IPHONEOS_DEPLOYMENT_TARGET = 15.5;
				MTL_ENABLE_DEBUG_INFO = NO;
				MTL_FAST_MATH = YES;
				SDKROOT = iphoneos;
				SWIFT_COMPILATION_MODE = wholemodule;
				SWIFT_OPTIMIZATION_LEVEL = "-O";
				VALIDATE_PRODUCT = YES;
			};
			name = Release;
		};
		8304F4FC2854C3F4004DF9A9 /* Debug */ = {
			isa = XCBuildConfiguration;
			buildSettings = {
				ASSETCATALOG_COMPILER_APPICON_NAME = AppIcon;
				ASSETCATALOG_COMPILER_GLOBAL_ACCENT_COLOR_NAME = AccentColor;
				CODE_SIGN_STYLE = Automatic;
				CURRENT_PROJECT_VERSION = 1;
				DEVELOPMENT_TEAM = D289277BWD;
				GENERATE_INFOPLIST_FILE = YES;
				INFOPLIST_FILE = KakaoSearchApi/Info.plist;
				INFOPLIST_KEY_UIApplicationSupportsIndirectInputEvents = YES;
				INFOPLIST_KEY_UILaunchStoryboardName = LaunchScreen;
				INFOPLIST_KEY_UIMainStoryboardFile = Main;
				INFOPLIST_KEY_UISupportedInterfaceOrientations_iPad = "UIInterfaceOrientationPortrait UIInterfaceOrientationPortraitUpsideDown UIInterfaceOrientationLandscapeLeft UIInterfaceOrientationLandscapeRight";
				INFOPLIST_KEY_UISupportedInterfaceOrientations_iPhone = "UIInterfaceOrientationPortrait UIInterfaceOrientationLandscapeLeft UIInterfaceOrientationLandscapeRight";
				LD_RUNPATH_SEARCH_PATHS = (
					"$(inherited)",
					"@executable_path/Frameworks",
				);
				MARKETING_VERSION = 1.0;
				PRODUCT_BUNDLE_IDENTIFIER = jcw.KakaoSearchApi;
				PRODUCT_NAME = "$(TARGET_NAME)";
				SWIFT_EMIT_LOC_STRINGS = YES;
				SWIFT_VERSION = 5.0;
				TARGETED_DEVICE_FAMILY = "1,2";
			};
			name = Debug;
		};
		8304F4FD2854C3F4004DF9A9 /* Release */ = {
			isa = XCBuildConfiguration;
			buildSettings = {
				ASSETCATALOG_COMPILER_APPICON_NAME = AppIcon;
				ASSETCATALOG_COMPILER_GLOBAL_ACCENT_COLOR_NAME = AccentColor;
				CODE_SIGN_STYLE = Automatic;
				CURRENT_PROJECT_VERSION = 1;
				DEVELOPMENT_TEAM = D289277BWD;
				GENERATE_INFOPLIST_FILE = YES;
				INFOPLIST_FILE = KakaoSearchApi/Info.plist;
				INFOPLIST_KEY_UIApplicationSupportsIndirectInputEvents = YES;
				INFOPLIST_KEY_UILaunchStoryboardName = LaunchScreen;
				INFOPLIST_KEY_UIMainStoryboardFile = Main;
				INFOPLIST_KEY_UISupportedInterfaceOrientations_iPad = "UIInterfaceOrientationPortrait UIInterfaceOrientationPortraitUpsideDown UIInterfaceOrientationLandscapeLeft UIInterfaceOrientationLandscapeRight";
				INFOPLIST_KEY_UISupportedInterfaceOrientations_iPhone = "UIInterfaceOrientationPortrait UIInterfaceOrientationLandscapeLeft UIInterfaceOrientationLandscapeRight";
				LD_RUNPATH_SEARCH_PATHS = (
					"$(inherited)",
					"@executable_path/Frameworks",
				);
				MARKETING_VERSION = 1.0;
				PRODUCT_BUNDLE_IDENTIFIER = jcw.KakaoSearchApi;
				PRODUCT_NAME = "$(TARGET_NAME)";
				SWIFT_EMIT_LOC_STRINGS = YES;
				SWIFT_VERSION = 5.0;
				TARGETED_DEVICE_FAMILY = "1,2";
			};
			name = Release;
		};
/* End XCBuildConfiguration section */

/* Begin XCConfigurationList section */
		8304F4E22854C3F2004DF9A9 /* Build configuration list for PBXProject "KakaoSearchApi" */ = {
			isa = XCConfigurationList;
			buildConfigurations = (
				8304F4F92854C3F4004DF9A9 /* Debug */,
				8304F4FA2854C3F4004DF9A9 /* Release */,
			);
			defaultConfigurationIsVisible = 0;
			defaultConfigurationName = Release;
		};
		8304F4FB2854C3F4004DF9A9 /* Build configuration list for PBXNativeTarget "KakaoSearchApi" */ = {
			isa = XCConfigurationList;
			buildConfigurations = (
				8304F4FC2854C3F4004DF9A9 /* Debug */,
				8304F4FD2854C3F4004DF9A9 /* Release */,
			);
			defaultConfigurationIsVisible = 0;
			defaultConfigurationName = Release;
		};
/* End XCConfigurationList section */
	};
	rootObject = 8304F4DF2854C3F2004DF9A9 /* Project object */;
}
